
Microsoft Visual Studio Solution File, Format Version 12.00
# Visual Studio Version 16
VisualStudioVersion = 16.0.31424.327
MinimumVisualStudioVersion = 10.0.40219.1
Project("{FAE04EC0-301F-11D3-BF4B-00C04F79EFBC}") = "SalmonCookiesAPI", "SalmonCookiesAPI\SalmonCookiesAPI.csproj", "{91D9E57B-2123-4764-A41A-2A49C2D774CE}"
EndProject
Global
	GlobalSection(SolutionConfigurationPlatforms) = preSolution
		Debug|Any CPU = Debug|Any CPU
		Release|Any CPU = Release|Any CPU
	EndGlobalSection
	GlobalSection(ProjectConfigurationPlatforms) = postSolution
		{91D9E57B-2123-4764-A41A-2A49C2D774CE}.Debug|Any CPU.ActiveCfg = Debug|Any CPU
		{91D9E57B-2123-4764-A41A-2A49C2D774CE}.Debug|Any CPU.Build.0 = Debug|Any CPU
		{91D9E57B-2123-4764-A41A-2A49C2D774CE}.Release|Any CPU.ActiveCfg = Release|Any CPU
		{91D9E57B-2123-4764-A41A-2A49C2D774CE}.Release|Any CPU.Build.0 = Release|Any CPU
	EndGlobalSection
	GlobalSection(SolutionProperties) = preSolution
		HideSolutionNode = FALSE
	EndGlobalSection
	GlobalSection(ExtensibilityGlobals) = postSolution
		SolutionGuid = {4A11ACA9-57A0-4AA9-B5B4-906A637D2596}
	EndGlobalSection
EndGlobal
